{
  "version": 4,
  "terraform_version": "1.1.5",
  "serial": 44,
  "lineage": "35ce7907-c512-3789-c21e-934cb5417a8e",
  "outputs": {},
  "resources": [
    {
      "mode": "managed",
      "type": "google_compute_disk",
      "name": "tf-chapter5",
      "provider": "provider[\"registry.terraform.io/hashicorp/google\"]",
      "instances": [
        {
          "schema_version": 0,
          "attributes": {
            "creation_timestamp": "2022-02-22T06:39:17.813-08:00",
            "description": "",
            "disk_encryption_key": [],
            "id": "projects/linux-terraform-342011/zones/us-central1-a/disks/tf-chapter5",
            "image": "https://www.googleapis.com/compute/v1/projects/debian-cloud/global/images/debian-9-stretch-v20220118",
            "label_fingerprint": "42WmSpB8rSM=",
            "labels": {},
            "last_attach_timestamp": "2022-02-22T06:39:17.814-08:00",
            "last_detach_timestamp": "",
            "name": "tf-chapter5",
            "physical_block_size_bytes": 4096,
            "project": "linux-terraform-342011",
            "provisioned_iops": 0,
            "self_link": "https://www.googleapis.com/compute/v1/projects/linux-terraform-342011/zones/us-central1-a/disks/tf-chapter5",
            "size": 10,
            "snapshot": "",
            "source_image_encryption_key": [],
            "source_image_id": "2094321297638737512",
            "source_snapshot_encryption_key": [],
            "source_snapshot_id": "",
            "timeouts": null,
            "type": "pd-standard",
            "users": [
              "https://www.googleapis.com/compute/v1/projects/linux-terraform-342011/zones/us-central1-a/instances/tf-chapter5"
            ],
            "zone": "us-central1-a"
          },
          "sensitive_attributes": [],
          "private": "eyJlMmJmYjczMC1lY2FhLTExZTYtOGY4OC0zNDM2M2JjN2M0YzAiOnsiY3JlYXRlIjoxMjAwMDAwMDAwMDAwLCJkZWxldGUiOjEyMDAwMDAwMDAwMDAsInVwZGF0ZSI6MTIwMDAwMDAwMDAwMH19"
        }
      ]
    }
  ]
}
